
Microsoft Visual Studio Solution File, Format Version 12.00
# Visual Studio 2015
Project("{FAE04EC0-301F-11D3-BF4B-00C04F79EFBC}") = "tobias.CSharp", "tobias.CSharp.csproj", "{012FC188-4AE2-7D2F-ED9E-6308A9A5CD5E}"
EndProject
Project("{FAE04EC0-301F-11D3-BF4B-00C04F79EFBC}") = "tobias.CSharp.Editor", "tobias.CSharp.Editor.csproj", "{E2AC44CA-2469-EB97-AD03-54C8AC2A0986}"
EndProject
Global
	GlobalSection(SolutionConfigurationPlatforms) = preSolution
		Debug|Any CPU = Debug|Any CPU
		Release|Any CPU = Release|Any CPU
	EndGlobalSection
	GlobalSection(ProjectConfigurationPlatforms) = postSolution
		{012FC188-4AE2-7D2F-ED9E-6308A9A5CD5E}.Debug|Any CPU.ActiveCfg = Debug|Any CPU
		{012FC188-4AE2-7D2F-ED9E-6308A9A5CD5E}.Debug|Any CPU.Build.0 = Debug|Any CPU
		{012FC188-4AE2-7D2F-ED9E-6308A9A5CD5E}.Release|Any CPU.ActiveCfg = Release|Any CPU
		{012FC188-4AE2-7D2F-ED9E-6308A9A5CD5E}.Release|Any CPU.Build.0 = Release|Any CPU
		{E2AC44CA-2469-EB97-AD03-54C8AC2A0986}.Debug|Any CPU.ActiveCfg = Debug|Any CPU
		{E2AC44CA-2469-EB97-AD03-54C8AC2A0986}.Debug|Any CPU.Build.0 = Debug|Any CPU
		{E2AC44CA-2469-EB97-AD03-54C8AC2A0986}.Release|Any CPU.ActiveCfg = Release|Any CPU
		{E2AC44CA-2469-EB97-AD03-54C8AC2A0986}.Release|Any CPU.Build.0 = Release|Any CPU
	EndGlobalSection
	GlobalSection(SolutionProperties) = preSolution
		HideSolutionNode = FALSE
	EndGlobalSection
EndGlobal
